
Microsoft Visual Studio Solution File, Format Version 12.00
# Visual Studio Version 17
VisualStudioVersion = 17.8.34330.188
MinimumVisualStudioVersion = 10.0.40219.1
Project("{9A19103F-16F7-4668-BE54-9A1E7A4F7556}") = "ProgrammingTasks", "Tasks\ProgrammingTasks.csproj", "{FE67DA1E-E687-4156-89A8-3DBAFD033C27}"
EndProject
Project("{9A19103F-16F7-4668-BE54-9A1E7A4F7556}") = "ProgrammingTasksTests", "TaskTests\ProgrammingTasksTests.csproj", "{5ED8385E-C5AE-4CD3-B499-3557BA3FBC93}"
EndProject
Global
	GlobalSection(SolutionConfigurationPlatforms) = preSolution
		Debug|Any CPU = Debug|Any CPU
		Release|Any CPU = Release|Any CPU
	EndGlobalSection
	GlobalSection(ProjectConfigurationPlatforms) = postSolution
		{FE67DA1E-E687-4156-89A8-3DBAFD033C27}.Debug|Any CPU.ActiveCfg = Debug|Any CPU
		{FE67DA1E-E687-4156-89A8-3DBAFD033C27}.Debug|Any CPU.Build.0 = Debug|Any CPU
		{FE67DA1E-E687-4156-89A8-3DBAFD033C27}.Release|Any CPU.ActiveCfg = Release|Any CPU
		{FE67DA1E-E687-4156-89A8-3DBAFD033C27}.Release|Any CPU.Build.0 = Release|Any CPU
		{5ED8385E-C5AE-4CD3-B499-3557BA3FBC93}.Debug|Any CPU.ActiveCfg = Debug|Any CPU
		{5ED8385E-C5AE-4CD3-B499-3557BA3FBC93}.Debug|Any CPU.Build.0 = Debug|Any CPU
		{5ED8385E-C5AE-4CD3-B499-3557BA3FBC93}.Release|Any CPU.ActiveCfg = Release|Any CPU
		{5ED8385E-C5AE-4CD3-B499-3557BA3FBC93}.Release|Any CPU.Build.0 = Release|Any CPU
	EndGlobalSection
	GlobalSection(SolutionProperties) = preSolution
		HideSolutionNode = FALSE
	EndGlobalSection
	GlobalSection(ExtensibilityGlobals) = postSolution
		SolutionGuid = {10F77917-5CE8-470B-9916-AA9AF811CF98}
	EndGlobalSection
EndGlobal
