
Microsoft Visual Studio Solution File, Format Version 12.00
# Visual Studio Version 17
VisualStudioVersion = 17.8.34330.188
MinimumVisualStudioVersion = 10.0.40219.1
Project("{FAE04EC0-301F-11D3-BF4B-00C04F79EFBC}") = "Tasks", "Tasks\Tasks.csproj", "{FE67DA1E-E687-4156-89A8-3DBAFD033C27}"
EndProject
Global
	GlobalSection(SolutionConfigurationPlatforms) = preSolution
		Debug|Any CPU = Debug|Any CPU
		Release|Any CPU = Release|Any CPU
	EndGlobalSection
	GlobalSection(ProjectConfigurationPlatforms) = postSolution
		{FE67DA1E-E687-4156-89A8-3DBAFD033C27}.Debug|Any CPU.ActiveCfg = Debug|Any CPU
		{FE67DA1E-E687-4156-89A8-3DBAFD033C27}.Debug|Any CPU.Build.0 = Debug|Any CPU
		{FE67DA1E-E687-4156-89A8-3DBAFD033C27}.Release|Any CPU.ActiveCfg = Release|Any CPU
		{FE67DA1E-E687-4156-89A8-3DBAFD033C27}.Release|Any CPU.Build.0 = Release|Any CPU
	EndGlobalSection
	GlobalSection(SolutionProperties) = preSolution
		HideSolutionNode = FALSE
	EndGlobalSection
	GlobalSection(ExtensibilityGlobals) = postSolution
		SolutionGuid = {10F77917-5CE8-470B-9916-AA9AF811CF98}
	EndGlobalSection
EndGlobal
